
Microsoft Visual Studio Solution File, Format Version 12.00
# Visual Studio Version 16
VisualStudioVersion = 16.0.29519.181
MinimumVisualStudioVersion = 10.0.40219.1
Project("{FAE04EC0-301F-11D3-BF4B-00C04F79EFBC}") = "DockerForm", "DockerForm\DockerForm.csproj", "{CFB4E8D9-EB53-41A1-B55D-3CDD4548BDFA}"
EndProject
Global
	GlobalSection(SolutionConfigurationPlatforms) = preSolution
		Debug|Any CPU = Debug|Any CPU
		Debug|x64 = Debug|x64
		Release|Any CPU = Release|Any CPU
		Release|x64 = Release|x64
	EndGlobalSection
	GlobalSection(ProjectConfigurationPlatforms) = postSolution
		{CFB4E8D9-EB53-41A1-B55D-3CDD4548BDFA}.Debug|Any CPU.ActiveCfg = Debug|Any CPU
		{CFB4E8D9-EB53-41A1-B55D-3CDD4548BDFA}.Debug|Any CPU.Build.0 = Debug|Any CPU
		{CFB4E8D9-EB53-41A1-B55D-3CDD4548BDFA}.Debug|x64.ActiveCfg = Debug|x64
		{CFB4E8D9-EB53-41A1-B55D-3CDD4548BDFA}.Debug|x64.Build.0 = Debug|x64
		{CFB4E8D9-EB53-41A1-B55D-3CDD4548BDFA}.Release|Any CPU.ActiveCfg = Release|Any CPU
		{CFB4E8D9-EB53-41A1-B55D-3CDD4548BDFA}.Release|Any CPU.Build.0 = Release|Any CPU
		{CFB4E8D9-EB53-41A1-B55D-3CDD4548BDFA}.Release|x64.ActiveCfg = Release|x64
		{CFB4E8D9-EB53-41A1-B55D-3CDD4548BDFA}.Release|x64.Build.0 = Release|x64
	EndGlobalSection
	GlobalSection(SolutionProperties) = preSolution
		HideSolutionNode = FALSE
	EndGlobalSection
	GlobalSection(ExtensibilityGlobals) = postSolution
		SolutionGuid = {C31463A7-684E-494D-BDA2-BFCDD593002C}
	EndGlobalSection
EndGlobal
